
Microsoft Visual Studio Solution File, Format Version 12.00
# Visual Studio 15
VisualStudioVersion = 15.0.28307.168
MinimumVisualStudioVersion = 10.0.40219.1
Project("{FAE04EC0-301F-11D3-BF4B-00C04F79EFBC}") = "Ejer5MVVM", "Ejer5MVVM\Ejer5MVVM.csproj", "{E0C65032-E513-40FB-BBFA-47EAE5A9C099}"
EndProject
Global
	GlobalSection(SolutionConfigurationPlatforms) = preSolution
		Debug|Any CPU = Debug|Any CPU
		Release|Any CPU = Release|Any CPU
	EndGlobalSection
	GlobalSection(ProjectConfigurationPlatforms) = postSolution
		{E0C65032-E513-40FB-BBFA-47EAE5A9C099}.Debug|Any CPU.ActiveCfg = Debug|Any CPU
		{E0C65032-E513-40FB-BBFA-47EAE5A9C099}.Debug|Any CPU.Build.0 = Debug|Any CPU
		{E0C65032-E513-40FB-BBFA-47EAE5A9C099}.Release|Any CPU.ActiveCfg = Release|Any CPU
		{E0C65032-E513-40FB-BBFA-47EAE5A9C099}.Release|Any CPU.Build.0 = Release|Any CPU
	EndGlobalSection
	GlobalSection(SolutionProperties) = preSolution
		HideSolutionNode = FALSE
	EndGlobalSection
	GlobalSection(ExtensibilityGlobals) = postSolution
		SolutionGuid = {E77005D3-F12C-4865-B160-68A517C6EC8A}
	EndGlobalSection
EndGlobal
